// !$*UTF8*$!
{
	archiveVersion = 1;
	classes = {
	};
	objectVersion = 54;
	objects = {

/* Begin PBXBuildFile section */
		058557BB273AAA24004C7B11 /* Assets.xcassets in Resources */ = {isa = PBXBuildFile; fileRef = 058557BA273AAA24004C7B11 /* Assets.xcassets */; };
		058557D9273AAEEB004C7B11 /* Preview Assets.xcassets in Resources */ = {isa = PBXBuildFile; fileRef = 058557D8273AAEEB004C7B11 /* Preview Assets.xcassets */; };
		2152FB042600AC8F00CF470E /* iOSApp.swift in Sources */ = {isa = PBXBuildFile; fileRef = 2152FB032600AC8F00CF470E /* iOSApp.swift */; };
		28407DE82BD16976004B275D /* LaborCostCreationButton.swift in Sources */ = {isa = PBXBuildFile; fileRef = 28407DE72BD16976004B275D /* LaborCostCreationButton.swift */; };
		28407DEA2BD1698B004B275D /* TaskCreationButton.swift in Sources */ = {isa = PBXBuildFile; fileRef = 28407DE92BD1698B004B275D /* TaskCreationButton.swift */; };
		28609D002BD154BD005D2D01 /* EstimatesScreenInfoButton.swift in Sources */ = {isa = PBXBuildFile; fileRef = 28609CFF2BD154BD005D2D01 /* EstimatesScreenInfoButton.swift */; };
		28609D022BD154DF005D2D01 /* AttachmentsScreenInfoButton.swift in Sources */ = {isa = PBXBuildFile; fileRef = 28609D012BD154DF005D2D01 /* AttachmentsScreenInfoButton.swift */; };
		28609D042BD15A42005D2D01 /* ScreenInfoButton.swift in Sources */ = {isa = PBXBuildFile; fileRef = 28609D032BD15A42005D2D01 /* ScreenInfoButton.swift */; };
		2864E6AC2BD3808C00504DE0 /* TaskFramesConstants.swift in Sources */ = {isa = PBXBuildFile; fileRef = 2864E6AB2BD3808C00504DE0 /* TaskFramesConstants.swift */; };
		2864E6AE2BD38F7600504DE0 /* TaskCardsProtocols.swift in Sources */ = {isa = PBXBuildFile; fileRef = 2864E6AD2BD38F7600504DE0 /* TaskCardsProtocols.swift */; };
		2864E6B02BD3949700504DE0 /* GradientBG.swift in Sources */ = {isa = PBXBuildFile; fileRef = 2864E6AF2BD3949700504DE0 /* GradientBG.swift */; };
		2864E6B32BD39B0200504DE0 /* GradientBGConstants.swift in Sources */ = {isa = PBXBuildFile; fileRef = 2864E6B22BD39B0200504DE0 /* GradientBGConstants.swift */; };
		2864E6B52BD3B4BE00504DE0 /* MainFrameView.swift in Sources */ = {isa = PBXBuildFile; fileRef = 2864E6B42BD3B4BE00504DE0 /* MainFrameView.swift */; };
		2864E6B82BD3B4D900504DE0 /* MainFrameAction.swift in Sources */ = {isa = PBXBuildFile; fileRef = 2864E6B72BD3B4D900504DE0 /* MainFrameAction.swift */; };
		2864E6BA2BD3B4F900504DE0 /* ProjectFrameView.swift in Sources */ = {isa = PBXBuildFile; fileRef = 2864E6B92BD3B4F900504DE0 /* ProjectFrameView.swift */; };
		2864E6BD2BD3B51800504DE0 /* ProjectFrameAction.swift in Sources */ = {isa = PBXBuildFile; fileRef = 2864E6BC2BD3B51800504DE0 /* ProjectFrameAction.swift */; };
		2864E6C12BD3D3CF00504DE0 /* LoginScreenConstants.swift in Sources */ = {isa = PBXBuildFile; fileRef = 2864E6C02BD3D3CF00504DE0 /* LoginScreenConstants.swift */; };
		2864E6C32BD3DACB00504DE0 /* LoginScreenModel.swift in Sources */ = {isa = PBXBuildFile; fileRef = 2864E6C22BD3DACB00504DE0 /* LoginScreenModel.swift */; };
		2864E6C52BD3DD2C00504DE0 /* UserInfo.swift in Sources */ = {isa = PBXBuildFile; fileRef = 2864E6C42BD3DD2C00504DE0 /* UserInfo.swift */; };
		2864E6C72BD3DD6000504DE0 /* TaskInfo.swift in Sources */ = {isa = PBXBuildFile; fileRef = 2864E6C62BD3DD6000504DE0 /* TaskInfo.swift */; };
		2864E6CA2BD3EDC700504DE0 /* LoginScreenViewModelProtocol.swift in Sources */ = {isa = PBXBuildFile; fileRef = 2864E6C92BD3EDC700504DE0 /* LoginScreenViewModelProtocol.swift */; };
		2864E6CC2BD3EE2900504DE0 /* Box.swift in Sources */ = {isa = PBXBuildFile; fileRef = 2864E6CB2BD3EE2900504DE0 /* Box.swift */; };
		2864E6CE2BD409A900504DE0 /* LoginError.swift in Sources */ = {isa = PBXBuildFile; fileRef = 2864E6CD2BD409A900504DE0 /* LoginError.swift */; };
		2864E6D22BD42C7600504DE0 /* Launch Screen.storyboard in Resources */ = {isa = PBXBuildFile; fileRef = 2864E6D12BD42C7600504DE0 /* Launch Screen.storyboard */; };
		28750F112BD1450100E3006D /* TaskSectionBG.swift in Sources */ = {isa = PBXBuildFile; fileRef = 28750F102BD1450100E3006D /* TaskSectionBG.swift */; };
		28750F132BD1454A00E3006D /* SubTaskSectionBG.swift in Sources */ = {isa = PBXBuildFile; fileRef = 28750F122BD1454A00E3006D /* SubTaskSectionBG.swift */; };
		28750F152BD1458100E3006D /* CompletedTaskSectionBG.swift in Sources */ = {isa = PBXBuildFile; fileRef = 28750F142BD1458100E3006D /* CompletedTaskSectionBG.swift */; };
		287638F02BB1AE6000B55DBF /* LoginScreenView.swift in Sources */ = {isa = PBXBuildFile; fileRef = 287638EF2BB1AE6000B55DBF /* LoginScreenView.swift */; };
		287638F22BB1AE6F00B55DBF /* LoginScreenViewModel.swift in Sources */ = {isa = PBXBuildFile; fileRef = 287638F12BB1AE6F00B55DBF /* LoginScreenViewModel.swift */; };
		287638FA2BB1B87B00B55DBF /* Logo.swift in Sources */ = {isa = PBXBuildFile; fileRef = 287638F92BB1B87B00B55DBF /* Logo.swift */; };
		287638FC2BB1ED3700B55DBF /* TemplateTaskCardView.swift in Sources */ = {isa = PBXBuildFile; fileRef = 287638FB2BB1ED3700B55DBF /* TemplateTaskCardView.swift */; };
		288455D82BD2AFB100DF64E5 /* Protocols.swift in Sources */ = {isa = PBXBuildFile; fileRef = 288455D72BD2AFB000DF64E5 /* Protocols.swift */; };
		288455DB2BD2B05000DF64E5 /* LaborCostCreationButtonAction.swift in Sources */ = {isa = PBXBuildFile; fileRef = 288455DA2BD2B05000DF64E5 /* LaborCostCreationButtonAction.swift */; };
		288455DE2BD2B10C00DF64E5 /* TaskCreationButtonAction.swift in Sources */ = {isa = PBXBuildFile; fileRef = 288455DD2BD2B10C00DF64E5 /* TaskCreationButtonAction.swift */; };
		288455E12BD2DE6400DF64E5 /* ScreenInfoButtonAction.swift in Sources */ = {isa = PBXBuildFile; fileRef = 288455E02BD2DE6400DF64E5 /* ScreenInfoButtonAction.swift */; };
		288455E42BD2DEBE00DF64E5 /* AttachmentsScreenInfoButtonAction.swift in Sources */ = {isa = PBXBuildFile; fileRef = 288455E32BD2DEBE00DF64E5 /* AttachmentsScreenInfoButtonAction.swift */; };
		288455E72BD2DF0D00DF64E5 /* EstimatesScreenInfoButtonAction.swift in Sources */ = {isa = PBXBuildFile; fileRef = 288455E62BD2DF0D00DF64E5 /* EstimatesScreenInfoButtonAction.swift */; };
		288455EC2BD2DFD300DF64E5 /* TaskCardController.swift in Sources */ = {isa = PBXBuildFile; fileRef = 288455EB2BD2DFD300DF64E5 /* TaskCardController.swift */; };
		288455EE2BD2E02200DF64E5 /* SubTaskCardController.swift in Sources */ = {isa = PBXBuildFile; fileRef = 288455ED2BD2E02200DF64E5 /* SubTaskCardController.swift */; };
		288455F02BD2E04D00DF64E5 /* ProjectCardController.swift in Sources */ = {isa = PBXBuildFile; fileRef = 288455EF2BD2E04D00DF64E5 /* ProjectCardController.swift */; };
		288455F22BD2E72600DF64E5 /* TemplateTaskFrame.swift in Sources */ = {isa = PBXBuildFile; fileRef = 288455F12BD2E72600DF64E5 /* TemplateTaskFrame.swift */; };
		288B59F42BCFB32800CD2BCE /* TemplateScreenInfoButton.swift in Sources */ = {isa = PBXBuildFile; fileRef = 288B59F32BCFB32800CD2BCE /* TemplateScreenInfoButton.swift */; };
		288B59F82BCFCC2A00CD2BCE /* TemplateTaskSectionBG.swift in Sources */ = {isa = PBXBuildFile; fileRef = 288B59F72BCFCC2A00CD2BCE /* TemplateTaskSectionBG.swift */; };
		288BA0BB2BD6352D000E3A82 /* SubTaskListModel.swift in Sources */ = {isa = PBXBuildFile; fileRef = 288BA0BA2BD6352D000E3A82 /* SubTaskListModel.swift */; };
		288BA0BD2BD6354E000E3A82 /* SubTaskListViewModel.swift in Sources */ = {isa = PBXBuildFile; fileRef = 288BA0BC2BD6354E000E3A82 /* SubTaskListViewModel.swift */; };
		288BA0BF2BD6356F000E3A82 /* SubTaskListViewModelProtocol.swift in Sources */ = {isa = PBXBuildFile; fileRef = 288BA0BE2BD6356F000E3A82 /* SubTaskListViewModelProtocol.swift */; };
		288BA0C12BD63766000E3A82 /* SubTaskCreationButton.swift in Sources */ = {isa = PBXBuildFile; fileRef = 288BA0C02BD63766000E3A82 /* SubTaskCreationButton.swift */; };
		288BA0C42BD6394B000E3A82 /* SubTaskCreationButtonAction.swift in Sources */ = {isa = PBXBuildFile; fileRef = 288BA0C32BD6394B000E3A82 /* SubTaskCreationButtonAction.swift */; };
		2894CEBA2BD8FA2200B8AB1C /* ProjectCardControllerProtocol.swift in Sources */ = {isa = PBXBuildFile; fileRef = 2894CEB92BD8FA2200B8AB1C /* ProjectCardControllerProtocol.swift */; };
		2894CEBC2BD926C100B8AB1C /* TaskCardsExtensions.swift in Sources */ = {isa = PBXBuildFile; fileRef = 2894CEBB2BD926C100B8AB1C /* TaskCardsExtensions.swift */; };
		2894CEBE2BD92C8600B8AB1C /* SubTaskCardControllerProtocol.swift in Sources */ = {isa = PBXBuildFile; fileRef = 2894CEBD2BD92C8600B8AB1C /* SubTaskCardControllerProtocol.swift */; };
		2894CEC02BD92FDD00B8AB1C /* TaskCardControllerProtocol.swift in Sources */ = {isa = PBXBuildFile; fileRef = 2894CEBF2BD92FDD00B8AB1C /* TaskCardControllerProtocol.swift */; };
		289BFD272BD1801B00099EAE /* TaskCardsConstants.swift in Sources */ = {isa = PBXBuildFile; fileRef = 289BFD262BD1801B00099EAE /* TaskCardsConstants.swift */; };
		289BFD292BD18AA900099EAE /* TaskCardView.swift in Sources */ = {isa = PBXBuildFile; fileRef = 289BFD282BD18AA900099EAE /* TaskCardView.swift */; };
		289BFD2B2BD18AD200099EAE /* SubTaskCardView.swift in Sources */ = {isa = PBXBuildFile; fileRef = 289BFD2A2BD18AD200099EAE /* SubTaskCardView.swift */; };
		289BFD2D2BD18B1500099EAE /* ProjectCardView.swift in Sources */ = {isa = PBXBuildFile; fileRef = 289BFD2C2BD18B1500099EAE /* ProjectCardView.swift */; };
		289BFD2F2BD18F5F00099EAE /* ActionButtonsConstants.swift in Sources */ = {isa = PBXBuildFile; fileRef = 289BFD2E2BD18F5F00099EAE /* ActionButtonsConstants.swift */; };
		289BFD312BD18F9100099EAE /* ScreenInfoButtonsConstants.swift in Sources */ = {isa = PBXBuildFile; fileRef = 289BFD302BD18F9100099EAE /* ScreenInfoButtonsConstants.swift */; };
		289BFD332BD18FBD00099EAE /* TaskSectionBGsConstants.swift in Sources */ = {isa = PBXBuildFile; fileRef = 289BFD322BD18FBD00099EAE /* TaskSectionBGsConstants.swift */; };
		28DE0A362BCEAF17001F819C /* TaskCardModel.swift in Sources */ = {isa = PBXBuildFile; fileRef = 28DE0A352BCEAF17001F819C /* TaskCardModel.swift */; };
		28DE0A3B2BCEE7C3001F819C /* TemplateActionButton.swift in Sources */ = {isa = PBXBuildFile; fileRef = 28DE0A3A2BCEE7C3001F819C /* TemplateActionButton.swift */; };
		28E795FA2BD966B000D402E4 /* AttachmentListView.swift in Sources */ = {isa = PBXBuildFile; fileRef = 28E795F92BD966B000D402E4 /* AttachmentListView.swift */; };
		28E795FD2BD9679800D402E4 /* AttachmentCardView.swift in Sources */ = {isa = PBXBuildFile; fileRef = 28E795FC2BD9679800D402E4 /* AttachmentCardView.swift */; };
		28E795FF2BD9686900D402E4 /* Constants.swift in Sources */ = {isa = PBXBuildFile; fileRef = 28E795FE2BD9686900D402E4 /* Constants.swift */; };
		28E796012BD96DA600D402E4 /* AttachmentCreationButton.swift in Sources */ = {isa = PBXBuildFile; fileRef = 28E796002BD96DA600D402E4 /* AttachmentCreationButton.swift */; };
		28E796042BD96EAD00D402E4 /* AttachmentCreationButtonAction.swift in Sources */ = {isa = PBXBuildFile; fileRef = 28E796032BD96EAD00D402E4 /* AttachmentCreationButtonAction.swift */; };
		28E796062BD96F0C00D402E4 /* AttachmentListViewModelProtocol.swift in Sources */ = {isa = PBXBuildFile; fileRef = 28E796052BD96F0C00D402E4 /* AttachmentListViewModelProtocol.swift */; };
		28E796082BD96F7E00D402E4 /* AttachmentListViewModel.swift in Sources */ = {isa = PBXBuildFile; fileRef = 28E796072BD96F7E00D402E4 /* AttachmentListViewModel.swift */; };
		28E7960A2BD96FDA00D402E4 /* AttachmentListModel.swift in Sources */ = {isa = PBXBuildFile; fileRef = 28E796092BD96FDA00D402E4 /* AttachmentListModel.swift */; };
		28E7960D2BD973DB00D402E4 /* AttachmentCardAction.swift in Sources */ = {isa = PBXBuildFile; fileRef = 28E7960C2BD973DB00D402E4 /* AttachmentCardAction.swift */; };
		28E7960F2BD9935600D402E4 /* LaborCostListView.swift in Sources */ = {isa = PBXBuildFile; fileRef = 28E7960E2BD9935600D402E4 /* LaborCostListView.swift */; };
		28E796122BD9A95100D402E4 /* LaborCostListViewModel.swift in Sources */ = {isa = PBXBuildFile; fileRef = 28E796112BD9A95100D402E4 /* LaborCostListViewModel.swift */; };
		28E796142BD9A97000D402E4 /* LaborCostListViewModelProtocol.swift in Sources */ = {isa = PBXBuildFile; fileRef = 28E796132BD9A97000D402E4 /* LaborCostListViewModelProtocol.swift */; };
		28E796162BD9A98F00D402E4 /* LaborCostListModel.swift in Sources */ = {isa = PBXBuildFile; fileRef = 28E796152BD9A98F00D402E4 /* LaborCostListModel.swift */; };
		28E796182BD9B34600D402E4 /* TaskInfoView.swift in Sources */ = {isa = PBXBuildFile; fileRef = 28E796172BD9B34600D402E4 /* TaskInfoView.swift */; };
		28E796212BD9D8CA00D402E4 /* EstimationCalendarView.swift in Sources */ = {isa = PBXBuildFile; fileRef = 28E796202BD9D8CA00D402E4 /* EstimationCalendarView.swift */; };
		28EA9CF22BD5507C00B31497 /* ProjectListView.swift in Sources */ = {isa = PBXBuildFile; fileRef = 28EA9CF12BD5507C00B31497 /* ProjectListView.swift */; };
		28EA9CF52BD5525700B31497 /* ProjectListViewModel.swift in Sources */ = {isa = PBXBuildFile; fileRef = 28EA9CF42BD5525700B31497 /* ProjectListViewModel.swift */; };
		28EA9CF72BD5528200B31497 /* ProjectListViewModelProtocol.swift in Sources */ = {isa = PBXBuildFile; fileRef = 28EA9CF62BD5528200B31497 /* ProjectListViewModelProtocol.swift */; };
		28EA9CF92BD5539300B31497 /* ProjectListModel.swift in Sources */ = {isa = PBXBuildFile; fileRef = 28EA9CF82BD5539300B31497 /* ProjectListModel.swift */; };
		28EA9CFB2BD5810800B31497 /* TaskListView.swift in Sources */ = {isa = PBXBuildFile; fileRef = 28EA9CFA2BD5810800B31497 /* TaskListView.swift */; };
		28EA9CFE2BD5812700B31497 /* TaskListModel.swift in Sources */ = {isa = PBXBuildFile; fileRef = 28EA9CFD2BD5812700B31497 /* TaskListModel.swift */; };
		28EA9D002BD5812F00B31497 /* TaskListViewModel.swift in Sources */ = {isa = PBXBuildFile; fileRef = 28EA9CFF2BD5812F00B31497 /* TaskListViewModel.swift */; };
		28EA9D022BD5813B00B31497 /* TaskListViewModelProtocol.swift in Sources */ = {isa = PBXBuildFile; fileRef = 28EA9D012BD5813B00B31497 /* TaskListViewModelProtocol.swift */; };
		28EA9D042BD590C700B31497 /* SubTaskListView.swift in Sources */ = {isa = PBXBuildFile; fileRef = 28EA9D032BD590C700B31497 /* SubTaskListView.swift */; };
		A2E9582C95F18A8536F1E55A /* Pods_TaskMaster.framework in Frameworks */ = {isa = PBXBuildFile; fileRef = 91C75E95E630CECBD0DA4ACD /* Pods_TaskMaster.framework */; };
		CEAFCA452BF69C3C00D34C86 /* ProjectInfo.swift in Sources */ = {isa = PBXBuildFile; fileRef = CEAFCA442BF69C3C00D34C86 /* ProjectInfo.swift */; };
		CEB16A1C2BF9EE4E0066BE40 /* TemplateNavBar.swift in Sources */ = {isa = PBXBuildFile; fileRef = CEB16A1B2BF9EE4E0066BE40 /* TemplateNavBar.swift */; };
		CEB7E56D2BF8AA5A002337B7 /* DetailedTaskInfo.swift in Sources */ = {isa = PBXBuildFile; fileRef = CEB7E56C2BF8AA5A002337B7 /* DetailedTaskInfo.swift */; };
		CEB7E56F2BF8C964002337B7 /* TaskInfoViewModel.swift in Sources */ = {isa = PBXBuildFile; fileRef = CEB7E56E2BF8C964002337B7 /* TaskInfoViewModel.swift */; };
		CEC085FC2BF79B3800BBBEC2 /* Extensions.swift in Sources */ = {isa = PBXBuildFile; fileRef = CEC085FB2BF79B3800BBBEC2 /* Extensions.swift */; };
		CEC085FE2BF7DFA900BBBEC2 /* TaskInfoProtocol.swift in Sources */ = {isa = PBXBuildFile; fileRef = CEC085FD2BF7DFA900BBBEC2 /* TaskInfoProtocol.swift */; };
		CED37B322BFCF4FC00F9629D /* ViewModelProtocols.swift in Sources */ = {isa = PBXBuildFile; fileRef = CED37B312BFCF4FC00F9629D /* ViewModelProtocols.swift */; };
		CED37B352BFCFC0500F9629D /* ProjectListNavBar.swift in Sources */ = {isa = PBXBuildFile; fileRef = CED37B342BFCFC0500F9629D /* ProjectListNavBar.swift */; };
		CED37B372BFCFC8500F9629D /* TaskListNavBar.swift in Sources */ = {isa = PBXBuildFile; fileRef = CED37B362BFCFC8500F9629D /* TaskListNavBar.swift */; };
		CED37B392BFD1E4400F9629D /* ProjectListAlertManager.swift in Sources */ = {isa = PBXBuildFile; fileRef = CED37B382BFD1E4400F9629D /* ProjectListAlertManager.swift */; };
		CED37B3B2BFD1E8E00F9629D /* ProjectCreationAlert.swift in Sources */ = {isa = PBXBuildFile; fileRef = CED37B3A2BFD1E8E00F9629D /* ProjectCreationAlert.swift */; };
/* End PBXBuildFile section */

/* Begin PBXFileReference section */
		058557BA273AAA24004C7B11 /* Assets.xcassets */ = {isa = PBXFileReference; lastKnownFileType = folder.assetcatalog; path = Assets.xcassets; sourceTree = "<group>"; };
		058557D8273AAEEB004C7B11 /* Preview Assets.xcassets */ = {isa = PBXFileReference; lastKnownFileType = folder.assetcatalog; path = "Preview Assets.xcassets"; sourceTree = "<group>"; };
		074ABBB93BE0FD84496C7AC6 /* Pods-TaskMaster.debug.xcconfig */ = {isa = PBXFileReference; includeInIndex = 1; lastKnownFileType = text.xcconfig; name = "Pods-TaskMaster.debug.xcconfig"; path = "Target Support Files/Pods-TaskMaster/Pods-TaskMaster.debug.xcconfig"; sourceTree = "<group>"; };
		2152FB032600AC8F00CF470E /* iOSApp.swift */ = {isa = PBXFileReference; lastKnownFileType = sourcecode.swift; path = iOSApp.swift; sourceTree = "<group>"; };
		28407DE72BD16976004B275D /* LaborCostCreationButton.swift */ = {isa = PBXFileReference; lastKnownFileType = sourcecode.swift; path = LaborCostCreationButton.swift; sourceTree = "<group>"; };
		28407DE92BD1698B004B275D /* TaskCreationButton.swift */ = {isa = PBXFileReference; lastKnownFileType = sourcecode.swift; path = TaskCreationButton.swift; sourceTree = "<group>"; };
		28609CFF2BD154BD005D2D01 /* EstimatesScreenInfoButton.swift */ = {isa = PBXFileReference; lastKnownFileType = sourcecode.swift; path = EstimatesScreenInfoButton.swift; sourceTree = "<group>"; };
		28609D012BD154DF005D2D01 /* AttachmentsScreenInfoButton.swift */ = {isa = PBXFileReference; lastKnownFileType = sourcecode.swift; path = AttachmentsScreenInfoButton.swift; sourceTree = "<group>"; };
		28609D032BD15A42005D2D01 /* ScreenInfoButton.swift */ = {isa = PBXFileReference; lastKnownFileType = sourcecode.swift; path = ScreenInfoButton.swift; sourceTree = "<group>"; };
		2864E6AB2BD3808C00504DE0 /* TaskFramesConstants.swift */ = {isa = PBXFileReference; lastKnownFileType = sourcecode.swift; path = TaskFramesConstants.swift; sourceTree = "<group>"; };
		2864E6AD2BD38F7600504DE0 /* TaskCardsProtocols.swift */ = {isa = PBXFileReference; lastKnownFileType = sourcecode.swift; path = TaskCardsProtocols.swift; sourceTree = "<group>"; };
		2864E6AF2BD3949700504DE0 /* GradientBG.swift */ = {isa = PBXFileReference; lastKnownFileType = sourcecode.swift; path = GradientBG.swift; sourceTree = "<group>"; };
		2864E6B22BD39B0200504DE0 /* GradientBGConstants.swift */ = {isa = PBXFileReference; lastKnownFileType = sourcecode.swift; path = GradientBGConstants.swift; sourceTree = "<group>"; };
		2864E6B42BD3B4BE00504DE0 /* MainFrameView.swift */ = {isa = PBXFileReference; lastKnownFileType = sourcecode.swift; path = MainFrameView.swift; sourceTree = "<group>"; };
		2864E6B72BD3B4D900504DE0 /* MainFrameAction.swift */ = {isa = PBXFileReference; lastKnownFileType = sourcecode.swift; path = MainFrameAction.swift; sourceTree = "<group>"; };
		2864E6B92BD3B4F900504DE0 /* ProjectFrameView.swift */ = {isa = PBXFileReference; lastKnownFileType = sourcecode.swift; path = ProjectFrameView.swift; sourceTree = "<group>"; };
		2864E6BC2BD3B51800504DE0 /* ProjectFrameAction.swift */ = {isa = PBXFileReference; lastKnownFileType = sourcecode.swift; path = ProjectFrameAction.swift; sourceTree = "<group>"; };
		2864E6C02BD3D3CF00504DE0 /* LoginScreenConstants.swift */ = {isa = PBXFileReference; lastKnownFileType = sourcecode.swift; path = LoginScreenConstants.swift; sourceTree = "<group>"; };
		2864E6C22BD3DACB00504DE0 /* LoginScreenModel.swift */ = {isa = PBXFileReference; lastKnownFileType = sourcecode.swift; path = LoginScreenModel.swift; sourceTree = "<group>"; };
		2864E6C42BD3DD2C00504DE0 /* UserInfo.swift */ = {isa = PBXFileReference; lastKnownFileType = sourcecode.swift; path = UserInfo.swift; sourceTree = "<group>"; };
		2864E6C62BD3DD6000504DE0 /* TaskInfo.swift */ = {isa = PBXFileReference; lastKnownFileType = sourcecode.swift; path = TaskInfo.swift; sourceTree = "<group>"; };
		2864E6C92BD3EDC700504DE0 /* LoginScreenViewModelProtocol.swift */ = {isa = PBXFileReference; lastKnownFileType = sourcecode.swift; path = LoginScreenViewModelProtocol.swift; sourceTree = "<group>"; };
		2864E6CB2BD3EE2900504DE0 /* Box.swift */ = {isa = PBXFileReference; lastKnownFileType = sourcecode.swift; path = Box.swift; sourceTree = "<group>"; };
		2864E6CD2BD409A900504DE0 /* LoginError.swift */ = {isa = PBXFileReference; lastKnownFileType = sourcecode.swift; path = LoginError.swift; sourceTree = "<group>"; };
		2864E6D12BD42C7600504DE0 /* Launch Screen.storyboard */ = {isa = PBXFileReference; lastKnownFileType = file.storyboard; path = "Launch Screen.storyboard"; sourceTree = "<group>"; };
		28750F102BD1450100E3006D /* TaskSectionBG.swift */ = {isa = PBXFileReference; lastKnownFileType = sourcecode.swift; path = TaskSectionBG.swift; sourceTree = "<group>"; };
		28750F122BD1454A00E3006D /* SubTaskSectionBG.swift */ = {isa = PBXFileReference; lastKnownFileType = sourcecode.swift; path = SubTaskSectionBG.swift; sourceTree = "<group>"; };
		28750F142BD1458100E3006D /* CompletedTaskSectionBG.swift */ = {isa = PBXFileReference; lastKnownFileType = sourcecode.swift; path = CompletedTaskSectionBG.swift; sourceTree = "<group>"; };
		287638EF2BB1AE6000B55DBF /* LoginScreenView.swift */ = {isa = PBXFileReference; lastKnownFileType = sourcecode.swift; path = LoginScreenView.swift; sourceTree = "<group>"; };
		287638F12BB1AE6F00B55DBF /* LoginScreenViewModel.swift */ = {isa = PBXFileReference; lastKnownFileType = sourcecode.swift; path = LoginScreenViewModel.swift; sourceTree = "<group>"; };
		287638F92BB1B87B00B55DBF /* Logo.swift */ = {isa = PBXFileReference; lastKnownFileType = sourcecode.swift; path = Logo.swift; sourceTree = "<group>"; };
		287638FB2BB1ED3700B55DBF /* TemplateTaskCardView.swift */ = {isa = PBXFileReference; lastKnownFileType = sourcecode.swift; path = TemplateTaskCardView.swift; sourceTree = "<group>"; };
		288455D72BD2AFB000DF64E5 /* Protocols.swift */ = {isa = PBXFileReference; lastKnownFileType = sourcecode.swift; path = Protocols.swift; sourceTree = "<group>"; };
		288455DA2BD2B05000DF64E5 /* LaborCostCreationButtonAction.swift */ = {isa = PBXFileReference; lastKnownFileType = sourcecode.swift; path = LaborCostCreationButtonAction.swift; sourceTree = "<group>"; };
		288455DD2BD2B10C00DF64E5 /* TaskCreationButtonAction.swift */ = {isa = PBXFileReference; lastKnownFileType = sourcecode.swift; path = TaskCreationButtonAction.swift; sourceTree = "<group>"; };
		288455E02BD2DE6400DF64E5 /* ScreenInfoButtonAction.swift */ = {isa = PBXFileReference; lastKnownFileType = sourcecode.swift; path = ScreenInfoButtonAction.swift; sourceTree = "<group>"; };
		288455E32BD2DEBE00DF64E5 /* AttachmentsScreenInfoButtonAction.swift */ = {isa = PBXFileReference; lastKnownFileType = sourcecode.swift; path = AttachmentsScreenInfoButtonAction.swift; sourceTree = "<group>"; };
		288455E62BD2DF0D00DF64E5 /* EstimatesScreenInfoButtonAction.swift */ = {isa = PBXFileReference; lastKnownFileType = sourcecode.swift; path = EstimatesScreenInfoButtonAction.swift; sourceTree = "<group>"; };
		288455EB2BD2DFD300DF64E5 /* TaskCardController.swift */ = {isa = PBXFileReference; lastKnownFileType = sourcecode.swift; path = TaskCardController.swift; sourceTree = "<group>"; };
		288455ED2BD2E02200DF64E5 /* SubTaskCardController.swift */ = {isa = PBXFileReference; lastKnownFileType = sourcecode.swift; path = SubTaskCardController.swift; sourceTree = "<group>"; };
		288455EF2BD2E04D00DF64E5 /* ProjectCardController.swift */ = {isa = PBXFileReference; lastKnownFileType = sourcecode.swift; path = ProjectCardController.swift; sourceTree = "<group>"; };
		288455F12BD2E72600DF64E5 /* TemplateTaskFrame.swift */ = {isa = PBXFileReference; lastKnownFileType = sourcecode.swift; path = TemplateTaskFrame.swift; sourceTree = "<group>"; };
		288B59F32BCFB32800CD2BCE /* TemplateScreenInfoButton.swift */ = {isa = PBXFileReference; lastKnownFileType = sourcecode.swift; path = TemplateScreenInfoButton.swift; sourceTree = "<group>"; };
		288B59F72BCFCC2A00CD2BCE /* TemplateTaskSectionBG.swift */ = {isa = PBXFileReference; lastKnownFileType = sourcecode.swift; path = TemplateTaskSectionBG.swift; sourceTree = "<group>"; };
		288BA0BA2BD6352D000E3A82 /* SubTaskListModel.swift */ = {isa = PBXFileReference; lastKnownFileType = sourcecode.swift; path = SubTaskListModel.swift; sourceTree = "<group>"; };
		288BA0BC2BD6354E000E3A82 /* SubTaskListViewModel.swift */ = {isa = PBXFileReference; lastKnownFileType = sourcecode.swift; path = SubTaskListViewModel.swift; sourceTree = "<group>"; };
		288BA0BE2BD6356F000E3A82 /* SubTaskListViewModelProtocol.swift */ = {isa = PBXFileReference; lastKnownFileType = sourcecode.swift; path = SubTaskListViewModelProtocol.swift; sourceTree = "<group>"; };
		288BA0C02BD63766000E3A82 /* SubTaskCreationButton.swift */ = {isa = PBXFileReference; lastKnownFileType = sourcecode.swift; path = SubTaskCreationButton.swift; sourceTree = "<group>"; };
		288BA0C32BD6394B000E3A82 /* SubTaskCreationButtonAction.swift */ = {isa = PBXFileReference; lastKnownFileType = sourcecode.swift; path = SubTaskCreationButtonAction.swift; sourceTree = "<group>"; };
		2894CEB92BD8FA2200B8AB1C /* ProjectCardControllerProtocol.swift */ = {isa = PBXFileReference; lastKnownFileType = sourcecode.swift; path = ProjectCardControllerProtocol.swift; sourceTree = "<group>"; };
		2894CEBB2BD926C100B8AB1C /* TaskCardsExtensions.swift */ = {isa = PBXFileReference; lastKnownFileType = sourcecode.swift; path = TaskCardsExtensions.swift; sourceTree = "<group>"; };
		2894CEBD2BD92C8600B8AB1C /* SubTaskCardControllerProtocol.swift */ = {isa = PBXFileReference; lastKnownFileType = sourcecode.swift; path = SubTaskCardControllerProtocol.swift; sourceTree = "<group>"; };
		2894CEBF2BD92FDD00B8AB1C /* TaskCardControllerProtocol.swift */ = {isa = PBXFileReference; lastKnownFileType = sourcecode.swift; path = TaskCardControllerProtocol.swift; sourceTree = "<group>"; };
		289BFD262BD1801B00099EAE /* TaskCardsConstants.swift */ = {isa = PBXFileReference; lastKnownFileType = sourcecode.swift; path = TaskCardsConstants.swift; sourceTree = "<group>"; };
		289BFD282BD18AA900099EAE /* TaskCardView.swift */ = {isa = PBXFileReference; lastKnownFileType = sourcecode.swift; path = TaskCardView.swift; sourceTree = "<group>"; };
		289BFD2A2BD18AD200099EAE /* SubTaskCardView.swift */ = {isa = PBXFileReference; lastKnownFileType = sourcecode.swift; path = SubTaskCardView.swift; sourceTree = "<group>"; };
		289BFD2C2BD18B1500099EAE /* ProjectCardView.swift */ = {isa = PBXFileReference; lastKnownFileType = sourcecode.swift; path = ProjectCardView.swift; sourceTree = "<group>"; };
		289BFD2E2BD18F5F00099EAE /* ActionButtonsConstants.swift */ = {isa = PBXFileReference; lastKnownFileType = sourcecode.swift; path = ActionButtonsConstants.swift; sourceTree = "<group>"; };
		289BFD302BD18F9100099EAE /* ScreenInfoButtonsConstants.swift */ = {isa = PBXFileReference; lastKnownFileType = sourcecode.swift; path = ScreenInfoButtonsConstants.swift; sourceTree = "<group>"; };
		289BFD322BD18FBD00099EAE /* TaskSectionBGsConstants.swift */ = {isa = PBXFileReference; lastKnownFileType = sourcecode.swift; path = TaskSectionBGsConstants.swift; sourceTree = "<group>"; };
		28DE0A352BCEAF17001F819C /* TaskCardModel.swift */ = {isa = PBXFileReference; lastKnownFileType = sourcecode.swift; path = TaskCardModel.swift; sourceTree = "<group>"; };
		28DE0A3A2BCEE7C3001F819C /* TemplateActionButton.swift */ = {isa = PBXFileReference; lastKnownFileType = sourcecode.swift; path = TemplateActionButton.swift; sourceTree = "<group>"; };
		28E795F92BD966B000D402E4 /* AttachmentListView.swift */ = {isa = PBXFileReference; lastKnownFileType = sourcecode.swift; path = AttachmentListView.swift; sourceTree = "<group>"; };
		28E795FC2BD9679800D402E4 /* AttachmentCardView.swift */ = {isa = PBXFileReference; lastKnownFileType = sourcecode.swift; path = AttachmentCardView.swift; sourceTree = "<group>"; };
		28E795FE2BD9686900D402E4 /* Constants.swift */ = {isa = PBXFileReference; lastKnownFileType = sourcecode.swift; path = Constants.swift; sourceTree = "<group>"; };
		28E796002BD96DA600D402E4 /* AttachmentCreationButton.swift */ = {isa = PBXFileReference; lastKnownFileType = sourcecode.swift; path = AttachmentCreationButton.swift; sourceTree = "<group>"; };
		28E796032BD96EAD00D402E4 /* AttachmentCreationButtonAction.swift */ = {isa = PBXFileReference; lastKnownFileType = sourcecode.swift; path = AttachmentCreationButtonAction.swift; sourceTree = "<group>"; };
		28E796052BD96F0C00D402E4 /* AttachmentListViewModelProtocol.swift */ = {isa = PBXFileReference; lastKnownFileType = sourcecode.swift; path = AttachmentListViewModelProtocol.swift; sourceTree = "<group>"; };
		28E796072BD96F7E00D402E4 /* AttachmentListViewModel.swift */ = {isa = PBXFileReference; lastKnownFileType = sourcecode.swift; path = AttachmentListViewModel.swift; sourceTree = "<group>"; };
		28E796092BD96FDA00D402E4 /* AttachmentListModel.swift */ = {isa = PBXFileReference; lastKnownFileType = sourcecode.swift; path = AttachmentListModel.swift; sourceTree = "<group>"; };
		28E7960C2BD973DB00D402E4 /* AttachmentCardAction.swift */ = {isa = PBXFileReference; lastKnownFileType = sourcecode.swift; path = AttachmentCardAction.swift; sourceTree = "<group>"; };
		28E7960E2BD9935600D402E4 /* LaborCostListView.swift */ = {isa = PBXFileReference; lastKnownFileType = sourcecode.swift; path = LaborCostListView.swift; sourceTree = "<group>"; };
		28E796112BD9A95100D402E4 /* LaborCostListViewModel.swift */ = {isa = PBXFileReference; lastKnownFileType = sourcecode.swift; path = LaborCostListViewModel.swift; sourceTree = "<group>"; };
		28E796132BD9A97000D402E4 /* LaborCostListViewModelProtocol.swift */ = {isa = PBXFileReference; lastKnownFileType = sourcecode.swift; path = LaborCostListViewModelProtocol.swift; sourceTree = "<group>"; };
		28E796152BD9A98F00D402E4 /* LaborCostListModel.swift */ = {isa = PBXFileReference; lastKnownFileType = sourcecode.swift; path = LaborCostListModel.swift; sourceTree = "<group>"; };
		28E796172BD9B34600D402E4 /* TaskInfoView.swift */ = {isa = PBXFileReference; lastKnownFileType = sourcecode.swift; path = TaskInfoView.swift; sourceTree = "<group>"; };
		28E796202BD9D8CA00D402E4 /* EstimationCalendarView.swift */ = {isa = PBXFileReference; lastKnownFileType = sourcecode.swift; path = EstimationCalendarView.swift; sourceTree = "<group>"; };
		28EA9CF12BD5507C00B31497 /* ProjectListView.swift */ = {isa = PBXFileReference; lastKnownFileType = sourcecode.swift; path = ProjectListView.swift; sourceTree = "<group>"; };
		28EA9CF42BD5525700B31497 /* ProjectListViewModel.swift */ = {isa = PBXFileReference; lastKnownFileType = sourcecode.swift; path = ProjectListViewModel.swift; sourceTree = "<group>"; };
		28EA9CF62BD5528200B31497 /* ProjectListViewModelProtocol.swift */ = {isa = PBXFileReference; lastKnownFileType = sourcecode.swift; path = ProjectListViewModelProtocol.swift; sourceTree = "<group>"; };
		28EA9CF82BD5539300B31497 /* ProjectListModel.swift */ = {isa = PBXFileReference; lastKnownFileType = sourcecode.swift; path = ProjectListModel.swift; sourceTree = "<group>"; };
		28EA9CFA2BD5810800B31497 /* TaskListView.swift */ = {isa = PBXFileReference; lastKnownFileType = sourcecode.swift; path = TaskListView.swift; sourceTree = "<group>"; };
		28EA9CFD2BD5812700B31497 /* TaskListModel.swift */ = {isa = PBXFileReference; lastKnownFileType = sourcecode.swift; path = TaskListModel.swift; sourceTree = "<group>"; };
		28EA9CFF2BD5812F00B31497 /* TaskListViewModel.swift */ = {isa = PBXFileReference; lastKnownFileType = sourcecode.swift; path = TaskListViewModel.swift; sourceTree = "<group>"; };
		28EA9D012BD5813B00B31497 /* TaskListViewModelProtocol.swift */ = {isa = PBXFileReference; lastKnownFileType = sourcecode.swift; path = TaskListViewModelProtocol.swift; sourceTree = "<group>"; };
		28EA9D032BD590C700B31497 /* SubTaskListView.swift */ = {isa = PBXFileReference; lastKnownFileType = sourcecode.swift; path = SubTaskListView.swift; sourceTree = "<group>"; };
		7555FF7B242A565900829871 /* TaskMaster.app */ = {isa = PBXFileReference; explicitFileType = wrapper.application; includeInIndex = 0; path = TaskMaster.app; sourceTree = BUILT_PRODUCTS_DIR; };
		7555FF8C242A565B00829871 /* Info.plist */ = {isa = PBXFileReference; lastKnownFileType = text.plist.xml; path = Info.plist; sourceTree = "<group>"; };
		91C75E95E630CECBD0DA4ACD /* Pods_TaskMaster.framework */ = {isa = PBXFileReference; explicitFileType = wrapper.framework; includeInIndex = 0; path = Pods_TaskMaster.framework; sourceTree = BUILT_PRODUCTS_DIR; };
		BEC99261B95ABAE38EAD8C7A /* Pods-TaskMaster.release.xcconfig */ = {isa = PBXFileReference; includeInIndex = 1; lastKnownFileType = text.xcconfig; name = "Pods-TaskMaster.release.xcconfig"; path = "Target Support Files/Pods-TaskMaster/Pods-TaskMaster.release.xcconfig"; sourceTree = "<group>"; };
		CEAFCA442BF69C3C00D34C86 /* ProjectInfo.swift */ = {isa = PBXFileReference; lastKnownFileType = sourcecode.swift; path = ProjectInfo.swift; sourceTree = "<group>"; };
		CEB16A1B2BF9EE4E0066BE40 /* TemplateNavBar.swift */ = {isa = PBXFileReference; lastKnownFileType = sourcecode.swift; path = TemplateNavBar.swift; sourceTree = "<group>"; };
		CEB7E56C2BF8AA5A002337B7 /* DetailedTaskInfo.swift */ = {isa = PBXFileReference; lastKnownFileType = sourcecode.swift; path = DetailedTaskInfo.swift; sourceTree = "<group>"; };
		CEB7E56E2BF8C964002337B7 /* TaskInfoViewModel.swift */ = {isa = PBXFileReference; lastKnownFileType = sourcecode.swift; path = TaskInfoViewModel.swift; sourceTree = "<group>"; };
		CEC085FB2BF79B3800BBBEC2 /* Extensions.swift */ = {isa = PBXFileReference; lastKnownFileType = sourcecode.swift; path = Extensions.swift; sourceTree = "<group>"; };
		CEC085FD2BF7DFA900BBBEC2 /* TaskInfoProtocol.swift */ = {isa = PBXFileReference; lastKnownFileType = sourcecode.swift; path = TaskInfoProtocol.swift; sourceTree = "<group>"; };
		CED37B312BFCF4FC00F9629D /* ViewModelProtocols.swift */ = {isa = PBXFileReference; lastKnownFileType = sourcecode.swift; path = ViewModelProtocols.swift; sourceTree = "<group>"; };
		CED37B342BFCFC0500F9629D /* ProjectListNavBar.swift */ = {isa = PBXFileReference; lastKnownFileType = sourcecode.swift; path = ProjectListNavBar.swift; sourceTree = "<group>"; };
		CED37B362BFCFC8500F9629D /* TaskListNavBar.swift */ = {isa = PBXFileReference; lastKnownFileType = sourcecode.swift; path = TaskListNavBar.swift; sourceTree = "<group>"; };
		CED37B382BFD1E4400F9629D /* ProjectListAlertManager.swift */ = {isa = PBXFileReference; lastKnownFileType = sourcecode.swift; path = ProjectListAlertManager.swift; sourceTree = "<group>"; };
		CED37B3A2BFD1E8E00F9629D /* ProjectCreationAlert.swift */ = {isa = PBXFileReference; lastKnownFileType = sourcecode.swift; path = ProjectCreationAlert.swift; sourceTree = "<group>"; };
/* End PBXFileReference section */

/* Begin PBXFrameworksBuildPhase section */
		87B267DB529F135E9B2CA3C7 /* Frameworks */ = {
			isa = PBXFrameworksBuildPhase;
			buildActionMask = 2147483647;
			files = (
				A2E9582C95F18A8536F1E55A /* Pods_TaskMaster.framework in Frameworks */,
			);
			runOnlyForDeploymentPostprocessing = 0;
		};
/* End PBXFrameworksBuildPhase section */

/* Begin PBXGroup section */
		058557D7273AAEEB004C7B11 /* Preview Content */ = {
			isa = PBXGroup;
			children = (
				058557D8273AAEEB004C7B11 /* Preview Assets.xcassets */,
			);
			path = "Preview Content";
			sourceTree = "<group>";
		};
		28407DE62BD16926004B275D /* ActionButtons */ = {
			isa = PBXGroup;
			children = (
				289BFD362BD18FF400099EAE /* Views */,
				289BFD2E2BD18F5F00099EAE /* ActionButtonsConstants.swift */,
			);
			path = ActionButtons;
			sourceTree = "<group>";
		};
		28407DEB2BD16B0E004B275D /* Views */ = {
			isa = PBXGroup;
			children = (
				287638FB2BB1ED3700B55DBF /* TemplateTaskCardView.swift */,
				288455E82BD2DF6D00DF64E5 /* TaskCard */,
				288455E92BD2DF7400DF64E5 /* SubTaskCard */,
				288455EA2BD2DF8200DF64E5 /* ProjectCard */,
			);
			path = Views;
			sourceTree = "<group>";
		};
		28609CFE2BD15467005D2D01 /* ScreenInfoButtons */ = {
			isa = PBXGroup;
			children = (
				289BFD352BD18FE600099EAE /* Views */,
				289BFD302BD18F9100099EAE /* ScreenInfoButtonsConstants.swift */,
			);
			path = ScreenInfoButtons;
			sourceTree = "<group>";
		};
		2864E6A92BD3803200504DE0 /* TaskFrames */ = {
			isa = PBXGroup;
			children = (
				2864E6AA2BD3805600504DE0 /* Views */,
				2864E6AB2BD3808C00504DE0 /* TaskFramesConstants.swift */,
			);
			path = TaskFrames;
			sourceTree = "<group>";
		};
		2864E6AA2BD3805600504DE0 /* Views */ = {
			isa = PBXGroup;
			children = (
				288455F12BD2E72600DF64E5 /* TemplateTaskFrame.swift */,
				2864E6B62BD3B4CA00504DE0 /* MainFrame */,
				2864E6BB2BD3B4FE00504DE0 /* ProjectFrame */,
			);
			path = Views;
			sourceTree = "<group>";
		};
		2864E6B12BD39AEC00504DE0 /* GradientBG */ = {
			isa = PBXGroup;
			children = (
				2864E6AF2BD3949700504DE0 /* GradientBG.swift */,
				2864E6B22BD39B0200504DE0 /* GradientBGConstants.swift */,
			);
			path = GradientBG;
			sourceTree = "<group>";
		};
		2864E6B62BD3B4CA00504DE0 /* MainFrame */ = {
			isa = PBXGroup;
			children = (
				2864E6B42BD3B4BE00504DE0 /* MainFrameView.swift */,
				2864E6B72BD3B4D900504DE0 /* MainFrameAction.swift */,
			);
			path = MainFrame;
			sourceTree = "<group>";
		};
		2864E6BB2BD3B4FE00504DE0 /* ProjectFrame */ = {
			isa = PBXGroup;
			children = (
				2864E6B92BD3B4F900504DE0 /* ProjectFrameView.swift */,
				2864E6BC2BD3B51800504DE0 /* ProjectFrameAction.swift */,
			);
			path = ProjectFrame;
			sourceTree = "<group>";
		};
		2864E6C82BD3EC3300504DE0 /* LoginItems */ = {
			isa = PBXGroup;
			children = (
				2864E6C22BD3DACB00504DE0 /* LoginScreenModel.swift */,
				287638EF2BB1AE6000B55DBF /* LoginScreenView.swift */,
				287638F12BB1AE6F00B55DBF /* LoginScreenViewModel.swift */,
				2864E6C92BD3EDC700504DE0 /* LoginScreenViewModelProtocol.swift */,
				2864E6C02BD3D3CF00504DE0 /* LoginScreenConstants.swift */,
				2864E6CD2BD409A900504DE0 /* LoginError.swift */,
			);
			path = LoginItems;
			sourceTree = "<group>";
		};
		2864E6CF2BD412D800504DE0 /* Routes */ = {
			isa = PBXGroup;
			children = (
			);
			path = Routes;
			sourceTree = "<group>";
		};
		2864E6D02BD412DD00504DE0 /* Transitions */ = {
			isa = PBXGroup;
			children = (
			);
			path = Transitions;
			sourceTree = "<group>";
		};
		28750F0F2BD144D000E3006D /* TaskSectionBGs */ = {
			isa = PBXGroup;
			children = (
				289BFD342BD18FD400099EAE /* Views */,
				289BFD322BD18FBD00099EAE /* TaskSectionBGsConstants.swift */,
			);
			path = TaskSectionBGs;
			sourceTree = "<group>";
		};
		287638E32BB1AC5600B55DBF /* UI */ = {
			isa = PBXGroup;
			children = (
				287638EC2BB1ADB200B55DBF /* Screens */,
				289BFD372BD1914C00099EAE /* ModalScreens */,
				287638EA2BB1ADA000B55DBF /* Components */,
				2864E6CF2BD412D800504DE0 /* Routes */,
				2864E6D02BD412DD00504DE0 /* Transitions */,
			);
			path = UI;
			sourceTree = "<group>";
		};
		287638EA2BB1ADA000B55DBF /* Components */ = {
			isa = PBXGroup;
			children = (
				288455D62BD2AF9E00DF64E5 /* Views */,
				288455D72BD2AFB000DF64E5 /* Protocols.swift */,
			);
			path = Components;
			sourceTree = "<group>";
		};
		287638EC2BB1ADB200B55DBF /* Screens */ = {
			isa = PBXGroup;
			children = (
				2864E6D12BD42C7600504DE0 /* Launch Screen.storyboard */,
				287638EE2BB1AE5300B55DBF /* LoginScreen */,
				28EA9CF32BD5508E00B31497 /* ProjectList */,
				28EA9CFC2BD5811300B31497 /* TaskList */,
				28EA9D052BD590CE00B31497 /* SubTaskList */,
				28E795FB2BD9674A00D402E4 /* AttachmentList */,
				28E796102BD9A93F00D402E4 /* LaborCostList */,
				28E796192BD9B34C00D402E4 /* TaskInfo */,
				28E796202BD9D8CA00D402E4 /* EstimationCalendarView.swift */,
				2864E6CB2BD3EE2900504DE0 /* Box.swift */,
			);
			path = Screens;
			sourceTree = "<group>";
		};
		287638EE2BB1AE5300B55DBF /* LoginScreen */ = {
			isa = PBXGroup;
			children = (
				2864E6C82BD3EC3300504DE0 /* LoginItems */,
				2864E6C42BD3DD2C00504DE0 /* UserInfo.swift */,
			);
			path = LoginScreen;
			sourceTree = "<group>";
		};
		288455D62BD2AF9E00DF64E5 /* Views */ = {
			isa = PBXGroup;
			children = (
				287638F92BB1B87B00B55DBF /* Logo.swift */,
				2864E6B12BD39AEC00504DE0 /* GradientBG */,
				2864E6A92BD3803200504DE0 /* TaskFrames */,
				28DE0A342BCEAEC7001F819C /* TaskCards */,
				28407DE62BD16926004B275D /* ActionButtons */,
				28609CFE2BD15467005D2D01 /* ScreenInfoButtons */,
				28750F0F2BD144D000E3006D /* TaskSectionBGs */,
				CED37B332BFCF57400F9629D /* NavBars */,
			);
			path = Views;
			sourceTree = "<group>";
		};
		288455D92BD2B03A00DF64E5 /* LaborCostCreationButton */ = {
			isa = PBXGroup;
			children = (
				28407DE72BD16976004B275D /* LaborCostCreationButton.swift */,
				288455DA2BD2B05000DF64E5 /* LaborCostCreationButtonAction.swift */,
			);
			path = LaborCostCreationButton;
			sourceTree = "<group>";
		};
		288455DC2BD2B10300DF64E5 /* TaskCreationButton */ = {
			isa = PBXGroup;
			children = (
				28407DE92BD1698B004B275D /* TaskCreationButton.swift */,
				288455DD2BD2B10C00DF64E5 /* TaskCreationButtonAction.swift */,
			);
			path = TaskCreationButton;
			sourceTree = "<group>";
		};
		288455DF2BD2DE5C00DF64E5 /* ScreenInfoButton */ = {
			isa = PBXGroup;
			children = (
				28609D032BD15A42005D2D01 /* ScreenInfoButton.swift */,
				288455E02BD2DE6400DF64E5 /* ScreenInfoButtonAction.swift */,
			);
			path = ScreenInfoButton;
			sourceTree = "<group>";
		};
		288455E22BD2DEB600DF64E5 /* AttachmentsScreenInfoButton */ = {
			isa = PBXGroup;
			children = (
				28609D012BD154DF005D2D01 /* AttachmentsScreenInfoButton.swift */,
				288455E32BD2DEBE00DF64E5 /* AttachmentsScreenInfoButtonAction.swift */,
			);
			path = AttachmentsScreenInfoButton;
			sourceTree = "<group>";
		};
		288455E52BD2DF0600DF64E5 /* EstimatesScreenInfoButton */ = {
			isa = PBXGroup;
			children = (
				28609CFF2BD154BD005D2D01 /* EstimatesScreenInfoButton.swift */,
				288455E62BD2DF0D00DF64E5 /* EstimatesScreenInfoButtonAction.swift */,
			);
			path = EstimatesScreenInfoButton;
			sourceTree = "<group>";
		};
		288455E82BD2DF6D00DF64E5 /* TaskCard */ = {
			isa = PBXGroup;
			children = (
				289BFD282BD18AA900099EAE /* TaskCardView.swift */,
				288455EB2BD2DFD300DF64E5 /* TaskCardController.swift */,
				2894CEBF2BD92FDD00B8AB1C /* TaskCardControllerProtocol.swift */,
			);
			path = TaskCard;
			sourceTree = "<group>";
		};
		288455E92BD2DF7400DF64E5 /* SubTaskCard */ = {
			isa = PBXGroup;
			children = (
				289BFD2A2BD18AD200099EAE /* SubTaskCardView.swift */,
				288455ED2BD2E02200DF64E5 /* SubTaskCardController.swift */,
				2894CEBD2BD92C8600B8AB1C /* SubTaskCardControllerProtocol.swift */,
			);
			path = SubTaskCard;
			sourceTree = "<group>";
		};
		288455EA2BD2DF8200DF64E5 /* ProjectCard */ = {
			isa = PBXGroup;
			children = (
				289BFD2C2BD18B1500099EAE /* ProjectCardView.swift */,
				288455EF2BD2E04D00DF64E5 /* ProjectCardController.swift */,
				2894CEB92BD8FA2200B8AB1C /* ProjectCardControllerProtocol.swift */,
			);
			path = ProjectCard;
			sourceTree = "<group>";
		};
		288BA0C22BD6376E000E3A82 /* SubTaskCreationButton */ = {
			isa = PBXGroup;
			children = (
				288BA0C02BD63766000E3A82 /* SubTaskCreationButton.swift */,
				288BA0C32BD6394B000E3A82 /* SubTaskCreationButtonAction.swift */,
			);
			path = SubTaskCreationButton;
			sourceTree = "<group>";
		};
		289BFD342BD18FD400099EAE /* Views */ = {
			isa = PBXGroup;
			children = (
				288B59F72BCFCC2A00CD2BCE /* TemplateTaskSectionBG.swift */,
				28750F102BD1450100E3006D /* TaskSectionBG.swift */,
				28750F122BD1454A00E3006D /* SubTaskSectionBG.swift */,
				28750F142BD1458100E3006D /* CompletedTaskSectionBG.swift */,
			);
			path = Views;
			sourceTree = "<group>";
		};
		289BFD352BD18FE600099EAE /* Views */ = {
			isa = PBXGroup;
			children = (
				288B59F32BCFB32800CD2BCE /* TemplateScreenInfoButton.swift */,
				288455DF2BD2DE5C00DF64E5 /* ScreenInfoButton */,
				288455E52BD2DF0600DF64E5 /* EstimatesScreenInfoButton */,
				288455E22BD2DEB600DF64E5 /* AttachmentsScreenInfoButton */,
			);
			path = Views;
			sourceTree = "<group>";
		};
		289BFD362BD18FF400099EAE /* Views */ = {
			isa = PBXGroup;
			children = (
				28DE0A3A2BCEE7C3001F819C /* TemplateActionButton.swift */,
				288455D92BD2B03A00DF64E5 /* LaborCostCreationButton */,
				288455DC2BD2B10300DF64E5 /* TaskCreationButton */,
				288BA0C22BD6376E000E3A82 /* SubTaskCreationButton */,
				28E796022BD96DB300D402E4 /* AttachmentCreationButton */,
			);
			path = Views;
			sourceTree = "<group>";
		};
		289BFD372BD1914C00099EAE /* ModalScreens */ = {
			isa = PBXGroup;
			children = (
			);
			path = ModalScreens;
			sourceTree = "<group>";
		};
		28DE0A342BCEAEC7001F819C /* TaskCards */ = {
			isa = PBXGroup;
			children = (
				28DE0A352BCEAF17001F819C /* TaskCardModel.swift */,
				28407DEB2BD16B0E004B275D /* Views */,
				289BFD262BD1801B00099EAE /* TaskCardsConstants.swift */,
				2864E6AD2BD38F7600504DE0 /* TaskCardsProtocols.swift */,
				2894CEBB2BD926C100B8AB1C /* TaskCardsExtensions.swift */,
			);
			path = TaskCards;
			sourceTree = "<group>";
		};
		28E795FB2BD9674A00D402E4 /* AttachmentList */ = {
			isa = PBXGroup;
			children = (
				28E796092BD96FDA00D402E4 /* AttachmentListModel.swift */,
				28E795F92BD966B000D402E4 /* AttachmentListView.swift */,
				28E796072BD96F7E00D402E4 /* AttachmentListViewModel.swift */,
				28E796052BD96F0C00D402E4 /* AttachmentListViewModelProtocol.swift */,
				28E7960B2BD973CD00D402E4 /* AttachmentCard */,
			);
			path = AttachmentList;
			sourceTree = "<group>";
		};
		28E796022BD96DB300D402E4 /* AttachmentCreationButton */ = {
			isa = PBXGroup;
			children = (
				28E796002BD96DA600D402E4 /* AttachmentCreationButton.swift */,
				28E796032BD96EAD00D402E4 /* AttachmentCreationButtonAction.swift */,
			);
			path = AttachmentCreationButton;
			sourceTree = "<group>";
		};
		28E7960B2BD973CD00D402E4 /* AttachmentCard */ = {
			isa = PBXGroup;
			children = (
				28E795FC2BD9679800D402E4 /* AttachmentCardView.swift */,
				28E7960C2BD973DB00D402E4 /* AttachmentCardAction.swift */,
			);
			path = AttachmentCard;
			sourceTree = "<group>";
		};
		28E796102BD9A93F00D402E4 /* LaborCostList */ = {
			isa = PBXGroup;
			children = (
				28E796152BD9A98F00D402E4 /* LaborCostListModel.swift */,
				28E7960E2BD9935600D402E4 /* LaborCostListView.swift */,
				28E796112BD9A95100D402E4 /* LaborCostListViewModel.swift */,
				28E796132BD9A97000D402E4 /* LaborCostListViewModelProtocol.swift */,
			);
			path = LaborCostList;
			sourceTree = "<group>";
		};
		28E796192BD9B34C00D402E4 /* TaskInfo */ = {
			isa = PBXGroup;
			children = (
				28E796172BD9B34600D402E4 /* TaskInfoView.swift */,
				CEB7E56E2BF8C964002337B7 /* TaskInfoViewModel.swift */,
				CEB7E56C2BF8AA5A002337B7 /* DetailedTaskInfo.swift */,
			);
			path = TaskInfo;
			sourceTree = "<group>";
		};
		28EA9CF32BD5508E00B31497 /* ProjectList */ = {
			isa = PBXGroup;
			children = (
				28EA9CF82BD5539300B31497 /* ProjectListModel.swift */,
				28EA9CF12BD5507C00B31497 /* ProjectListView.swift */,
				CED37B3A2BFD1E8E00F9629D /* ProjectCreationAlert.swift */,
				28EA9CF42BD5525700B31497 /* ProjectListViewModel.swift */,
				28EA9CF62BD5528200B31497 /* ProjectListViewModelProtocol.swift */,
				CED37B382BFD1E4400F9629D /* ProjectListAlertManager.swift */,
				CEAFCA442BF69C3C00D34C86 /* ProjectInfo.swift */,
			);
			path = ProjectList;
			sourceTree = "<group>";
		};
		28EA9CFC2BD5811300B31497 /* TaskList */ = {
			isa = PBXGroup;
			children = (
				2864E6C62BD3DD6000504DE0 /* TaskInfo.swift */,
				28EA9CFD2BD5812700B31497 /* TaskListModel.swift */,
				28EA9CFA2BD5810800B31497 /* TaskListView.swift */,
				28EA9CFF2BD5812F00B31497 /* TaskListViewModel.swift */,
				28EA9D012BD5813B00B31497 /* TaskListViewModelProtocol.swift */,
			);
			path = TaskList;
			sourceTree = "<group>";
		};
		28EA9D052BD590CE00B31497 /* SubTaskList */ = {
			isa = PBXGroup;
			children = (
				288BA0BA2BD6352D000E3A82 /* SubTaskListModel.swift */,
				28EA9D032BD590C700B31497 /* SubTaskListView.swift */,
				288BA0BC2BD6354E000E3A82 /* SubTaskListViewModel.swift */,
				288BA0BE2BD6356F000E3A82 /* SubTaskListViewModelProtocol.swift */,
			);
			path = SubTaskList;
			sourceTree = "<group>";
		};
		72E3EAC35256CA2E043E6BF3 /* Frameworks */ = {
			isa = PBXGroup;
			children = (
				91C75E95E630CECBD0DA4ACD /* Pods_TaskMaster.framework */,
			);
			name = Frameworks;
			sourceTree = "<group>";
		};
		7555FF72242A565900829871 = {
			isa = PBXGroup;
			children = (
				7555FF7D242A565900829871 /* iosApp */,
				7555FF7C242A565900829871 /* Products */,
				7D925A2356A45D87F63C31A3 /* Pods */,
				72E3EAC35256CA2E043E6BF3 /* Frameworks */,
			);
			sourceTree = "<group>";
		};
		7555FF7C242A565900829871 /* Products */ = {
			isa = PBXGroup;
			children = (
				7555FF7B242A565900829871 /* TaskMaster.app */,
			);
			name = Products;
			sourceTree = "<group>";
		};
		7555FF7D242A565900829871 /* iosApp */ = {
			isa = PBXGroup;
			children = (
				CEC085FA2BF79B2600BBBEC2 /* Helpers */,
				287638E32BB1AC5600B55DBF /* UI */,
				058557BA273AAA24004C7B11 /* Assets.xcassets */,
				7555FF8C242A565B00829871 /* Info.plist */,
				2152FB032600AC8F00CF470E /* iOSApp.swift */,
				058557D7273AAEEB004C7B11 /* Preview Content */,
			);
			path = iosApp;
			sourceTree = "<group>";
		};
		7D925A2356A45D87F63C31A3 /* Pods */ = {
			isa = PBXGroup;
			children = (
				074ABBB93BE0FD84496C7AC6 /* Pods-TaskMaster.debug.xcconfig */,
				BEC99261B95ABAE38EAD8C7A /* Pods-TaskMaster.release.xcconfig */,
			);
			path = Pods;
			sourceTree = "<group>";
		};
		CEC085FA2BF79B2600BBBEC2 /* Helpers */ = {
			isa = PBXGroup;
			children = (
				28E795FE2BD9686900D402E4 /* Constants.swift */,
				CED37B302BFCF4B200F9629D /* Protocols */,
				CEC085FB2BF79B3800BBBEC2 /* Extensions.swift */,
			);
			path = Helpers;
			sourceTree = "<group>";
		};
		CED37B302BFCF4B200F9629D /* Protocols */ = {
			isa = PBXGroup;
			children = (
				CEC085FD2BF7DFA900BBBEC2 /* TaskInfoProtocol.swift */,
				CED37B312BFCF4FC00F9629D /* ViewModelProtocols.swift */,
			);
			path = Protocols;
			sourceTree = "<group>";
		};
		CED37B332BFCF57400F9629D /* NavBars */ = {
			isa = PBXGroup;
			children = (
				CEB16A1B2BF9EE4E0066BE40 /* TemplateNavBar.swift */,
				CED37B342BFCFC0500F9629D /* ProjectListNavBar.swift */,
				CED37B362BFCFC8500F9629D /* TaskListNavBar.swift */,
			);
			path = NavBars;
			sourceTree = "<group>";
		};
/* End PBXGroup section */

/* Begin PBXNativeTarget section */
		7555FF7A242A565900829871 /* TaskMaster */ = {
			isa = PBXNativeTarget;
			buildConfigurationList = 7555FFA5242A565B00829871 /* Build configuration list for PBXNativeTarget "TaskMaster" */;
			buildPhases = (
				43C987405B9489D35EBB9D57 /* [CP] Check Pods Manifest.lock */,
				7555FF77242A565900829871 /* Sources */,
				7555FF79242A565900829871 /* Resources */,
				87B267DB529F135E9B2CA3C7 /* Frameworks */,
				A7D9B40D9C131AA5B646D72A /* [CP] Embed Pods Frameworks */,
			);
			buildRules = (
			);
			dependencies = (
			);
			name = TaskMaster;
			productName = iosApp;
			productReference = 7555FF7B242A565900829871 /* TaskMaster.app */;
			productType = "com.apple.product-type.application";
		};
/* End PBXNativeTarget section */

/* Begin PBXProject section */
		7555FF73242A565900829871 /* Project object */ = {
			isa = PBXProject;
			attributes = {
				LastSwiftUpdateCheck = 1130;
				LastUpgradeCheck = 1130;
				ORGANIZATIONNAME = TaskMaster;
				TargetAttributes = {
					7555FF7A242A565900829871 = {
						CreatedOnToolsVersion = 11.3.1;
					};
				};
			};
			buildConfigurationList = 7555FF76242A565900829871 /* Build configuration list for PBXProject "iosApp" */;
			compatibilityVersion = "Xcode 9.3";
			developmentRegion = en;
			hasScannedForEncodings = 0;
			knownRegions = (
				en,
				Base,
			);
			mainGroup = 7555FF72242A565900829871;
			productRefGroup = 7555FF7C242A565900829871 /* Products */;
			projectDirPath = "";
			projectRoot = "";
			targets = (
				7555FF7A242A565900829871 /* TaskMaster */,
			);
		};
/* End PBXProject section */

/* Begin PBXResourcesBuildPhase section */
		7555FF79242A565900829871 /* Resources */ = {
			isa = PBXResourcesBuildPhase;
			buildActionMask = 2147483647;
			files = (
				2864E6D22BD42C7600504DE0 /* Launch Screen.storyboard in Resources */,
				058557D9273AAEEB004C7B11 /* Preview Assets.xcassets in Resources */,
				058557BB273AAA24004C7B11 /* Assets.xcassets in Resources */,
			);
			runOnlyForDeploymentPostprocessing = 0;
		};
/* End PBXResourcesBuildPhase section */

/* Begin PBXShellScriptBuildPhase section */
		43C987405B9489D35EBB9D57 /* [CP] Check Pods Manifest.lock */ = {
			isa = PBXShellScriptBuildPhase;
			buildActionMask = 2147483647;
			files = (
			);
			inputFileListPaths = (
			);
			inputPaths = (
				"${PODS_PODFILE_DIR_PATH}/Podfile.lock",
				"${PODS_ROOT}/Manifest.lock",
			);
			name = "[CP] Check Pods Manifest.lock";
			outputFileListPaths = (
			);
			outputPaths = (
				"$(DERIVED_FILE_DIR)/Pods-TaskMaster-checkManifestLockResult.txt",
			);
			runOnlyForDeploymentPostprocessing = 0;
			shellPath = /bin/sh;
			shellScript = "diff \"${PODS_PODFILE_DIR_PATH}/Podfile.lock\" \"${PODS_ROOT}/Manifest.lock\" > /dev/null\nif [ $? != 0 ] ; then\n    # print error to STDERR\n    echo \"error: The sandbox is not in sync with the Podfile.lock. Run 'pod install' or update your CocoaPods installation.\" >&2\n    exit 1\nfi\n# This output is used by Xcode 'outputs' to avoid re-running this script phase.\necho \"SUCCESS\" > \"${SCRIPT_OUTPUT_FILE_0}\"\n";
			showEnvVarsInLog = 0;
		};
		A7D9B40D9C131AA5B646D72A /* [CP] Embed Pods Frameworks */ = {
			isa = PBXShellScriptBuildPhase;
			buildActionMask = 2147483647;
			files = (
			);
			inputFileListPaths = (
				"${PODS_ROOT}/Target Support Files/Pods-TaskMaster/Pods-TaskMaster-frameworks-${CONFIGURATION}-input-files.xcfilelist",
			);
			name = "[CP] Embed Pods Frameworks";
			outputFileListPaths = (
				"${PODS_ROOT}/Target Support Files/Pods-TaskMaster/Pods-TaskMaster-frameworks-${CONFIGURATION}-output-files.xcfilelist",
			);
			runOnlyForDeploymentPostprocessing = 0;
			shellPath = /bin/sh;
			shellScript = "\"${PODS_ROOT}/Target Support Files/Pods-TaskMaster/Pods-TaskMaster-frameworks.sh\"\n";
			showEnvVarsInLog = 0;
		};
/* End PBXShellScriptBuildPhase section */

/* Begin PBXSourcesBuildPhase section */
		7555FF77242A565900829871 /* Sources */ = {
			isa = PBXSourcesBuildPhase;
			buildActionMask = 2147483647;
			files = (
				28609D002BD154BD005D2D01 /* EstimatesScreenInfoButton.swift in Sources */,
				2864E6BD2BD3B51800504DE0 /* ProjectFrameAction.swift in Sources */,
				288455F22BD2E72600DF64E5 /* TemplateTaskFrame.swift in Sources */,
				2864E6C12BD3D3CF00504DE0 /* LoginScreenConstants.swift in Sources */,
				2864E6CA2BD3EDC700504DE0 /* LoginScreenViewModelProtocol.swift in Sources */,
				288455E72BD2DF0D00DF64E5 /* EstimatesScreenInfoButtonAction.swift in Sources */,
				2894CEBC2BD926C100B8AB1C /* TaskCardsExtensions.swift in Sources */,
				28EA9CF22BD5507C00B31497 /* ProjectListView.swift in Sources */,
				2152FB042600AC8F00CF470E /* iOSApp.swift in Sources */,
				2864E6C52BD3DD2C00504DE0 /* UserInfo.swift in Sources */,
				28609D042BD15A42005D2D01 /* ScreenInfoButton.swift in Sources */,
				2864E6AE2BD38F7600504DE0 /* TaskCardsProtocols.swift in Sources */,
				28DE0A3B2BCEE7C3001F819C /* TemplateActionButton.swift in Sources */,
				CED37B352BFCFC0500F9629D /* ProjectListNavBar.swift in Sources */,
				289BFD2F2BD18F5F00099EAE /* ActionButtonsConstants.swift in Sources */,
				CED37B3B2BFD1E8E00F9629D /* ProjectCreationAlert.swift in Sources */,
				288455F02BD2E04D00DF64E5 /* ProjectCardController.swift in Sources */,
				CEAFCA452BF69C3C00D34C86 /* ProjectInfo.swift in Sources */,
				2864E6BA2BD3B4F900504DE0 /* ProjectFrameView.swift in Sources */,
				2864E6B52BD3B4BE00504DE0 /* MainFrameView.swift in Sources */,
				288BA0BB2BD6352D000E3A82 /* SubTaskListModel.swift in Sources */,
				28EA9D042BD590C700B31497 /* SubTaskListView.swift in Sources */,
				28E796182BD9B34600D402E4 /* TaskInfoView.swift in Sources */,
				28EA9CF52BD5525700B31497 /* ProjectListViewModel.swift in Sources */,
				2864E6B82BD3B4D900504DE0 /* MainFrameAction.swift in Sources */,
				28407DEA2BD1698B004B275D /* TaskCreationButton.swift in Sources */,
				CEB7E56F2BF8C964002337B7 /* TaskInfoViewModel.swift in Sources */,
				28E796122BD9A95100D402E4 /* LaborCostListViewModel.swift in Sources */,
				2864E6AC2BD3808C00504DE0 /* TaskFramesConstants.swift in Sources */,
				288BA0BF2BD6356F000E3A82 /* SubTaskListViewModelProtocol.swift in Sources */,
				28E796142BD9A97000D402E4 /* LaborCostListViewModelProtocol.swift in Sources */,
				288455DB2BD2B05000DF64E5 /* LaborCostCreationButtonAction.swift in Sources */,
				28E795FF2BD9686900D402E4 /* Constants.swift in Sources */,
				CEB7E56D2BF8AA5A002337B7 /* DetailedTaskInfo.swift in Sources */,
				28EA9D002BD5812F00B31497 /* TaskListViewModel.swift in Sources */,
				287638F22BB1AE6F00B55DBF /* LoginScreenViewModel.swift in Sources */,
				288BA0C12BD63766000E3A82 /* SubTaskCreationButton.swift in Sources */,
				28E795FA2BD966B000D402E4 /* AttachmentListView.swift in Sources */,
				28609D022BD154DF005D2D01 /* AttachmentsScreenInfoButton.swift in Sources */,
				28E796042BD96EAD00D402E4 /* AttachmentCreationButtonAction.swift in Sources */,
				2894CEBE2BD92C8600B8AB1C /* SubTaskCardControllerProtocol.swift in Sources */,
				288455D82BD2AFB100DF64E5 /* Protocols.swift in Sources */,
				28E796062BD96F0C00D402E4 /* AttachmentListViewModelProtocol.swift in Sources */,
				2864E6CC2BD3EE2900504DE0 /* Box.swift in Sources */,
				28EA9D022BD5813B00B31497 /* TaskListViewModelProtocol.swift in Sources */,
				287638FA2BB1B87B00B55DBF /* Logo.swift in Sources */,
				288455E12BD2DE6400DF64E5 /* ScreenInfoButtonAction.swift in Sources */,
				2864E6C32BD3DACB00504DE0 /* LoginScreenModel.swift in Sources */,
				28750F112BD1450100E3006D /* TaskSectionBG.swift in Sources */,
				28407DE82BD16976004B275D /* LaborCostCreationButton.swift in Sources */,
				288BA0BD2BD6354E000E3A82 /* SubTaskListViewModel.swift in Sources */,
				2864E6B02BD3949700504DE0 /* GradientBG.swift in Sources */,
				28E796212BD9D8CA00D402E4 /* EstimationCalendarView.swift in Sources */,
				289BFD2B2BD18AD200099EAE /* SubTaskCardView.swift in Sources */,
				28750F132BD1454A00E3006D /* SubTaskSectionBG.swift in Sources */,
				CED37B392BFD1E4400F9629D /* ProjectListAlertManager.swift in Sources */,
				28E7960A2BD96FDA00D402E4 /* AttachmentListModel.swift in Sources */,
				2894CEC02BD92FDD00B8AB1C /* TaskCardControllerProtocol.swift in Sources */,
				2864E6CE2BD409A900504DE0 /* LoginError.swift in Sources */,
				289BFD272BD1801B00099EAE /* TaskCardsConstants.swift in Sources */,
				CEC085FC2BF79B3800BBBEC2 /* Extensions.swift in Sources */,
				289BFD2D2BD18B1500099EAE /* ProjectCardView.swift in Sources */,
				289BFD312BD18F9100099EAE /* ScreenInfoButtonsConstants.swift in Sources */,
				28DE0A362BCEAF17001F819C /* TaskCardModel.swift in Sources */,
				2894CEBA2BD8FA2200B8AB1C /* ProjectCardControllerProtocol.swift in Sources */,
				287638F02BB1AE6000B55DBF /* LoginScreenView.swift in Sources */,
				28E796162BD9A98F00D402E4 /* LaborCostListModel.swift in Sources */,
				288BA0C42BD6394B000E3A82 /* SubTaskCreationButtonAction.swift in Sources */,
				289BFD292BD18AA900099EAE /* TaskCardView.swift in Sources */,
				28E795FD2BD9679800D402E4 /* AttachmentCardView.swift in Sources */,
				28E7960D2BD973DB00D402E4 /* AttachmentCardAction.swift in Sources */,
				28E796082BD96F7E00D402E4 /* AttachmentListViewModel.swift in Sources */,
				287638FC2BB1ED3700B55DBF /* TemplateTaskCardView.swift in Sources */,
				28EA9CF92BD5539300B31497 /* ProjectListModel.swift in Sources */,
				288455EC2BD2DFD300DF64E5 /* TaskCardController.swift in Sources */,
				28EA9CF72BD5528200B31497 /* ProjectListViewModelProtocol.swift in Sources */,
				CEB16A1C2BF9EE4E0066BE40 /* TemplateNavBar.swift in Sources */,
				2864E6B32BD39B0200504DE0 /* GradientBGConstants.swift in Sources */,
				28EA9CFE2BD5812700B31497 /* TaskListModel.swift in Sources */,
				CEC085FE2BF7DFA900BBBEC2 /* TaskInfoProtocol.swift in Sources */,
				288455DE2BD2B10C00DF64E5 /* TaskCreationButtonAction.swift in Sources */,
				CED37B322BFCF4FC00F9629D /* ViewModelProtocols.swift in Sources */,
				28750F152BD1458100E3006D /* CompletedTaskSectionBG.swift in Sources */,
				28EA9CFB2BD5810800B31497 /* TaskListView.swift in Sources */,
				288455E42BD2DEBE00DF64E5 /* AttachmentsScreenInfoButtonAction.swift in Sources */,
				28E796012BD96DA600D402E4 /* AttachmentCreationButton.swift in Sources */,
				289BFD332BD18FBD00099EAE /* TaskSectionBGsConstants.swift in Sources */,
				288455EE2BD2E02200DF64E5 /* SubTaskCardController.swift in Sources */,
				28E7960F2BD9935600D402E4 /* LaborCostListView.swift in Sources */,
				CED37B372BFCFC8500F9629D /* TaskListNavBar.swift in Sources */,
				2864E6C72BD3DD6000504DE0 /* TaskInfo.swift in Sources */,
				288B59F42BCFB32800CD2BCE /* TemplateScreenInfoButton.swift in Sources */,
				288B59F82BCFCC2A00CD2BCE /* TemplateTaskSectionBG.swift in Sources */,
			);
			runOnlyForDeploymentPostprocessing = 0;
		};
/* End PBXSourcesBuildPhase section */

/* Begin XCBuildConfiguration section */
		7555FFA3242A565B00829871 /* Debug */ = {
			isa = XCBuildConfiguration;
			buildSettings = {
				ALWAYS_SEARCH_USER_PATHS = NO;
				CLANG_ANALYZER_NONNULL = YES;
				CLANG_ANALYZER_NUMBER_OBJECT_CONVERSION = YES_AGGRESSIVE;
				CLANG_CXX_LANGUAGE_STANDARD = "gnu++14";
				CLANG_CXX_LIBRARY = "libc++";
				CLANG_ENABLE_MODULES = YES;
				CLANG_ENABLE_OBJC_ARC = YES;
				CLANG_ENABLE_OBJC_WEAK = YES;
				CLANG_WARN_BLOCK_CAPTURE_AUTORELEASING = YES;
				CLANG_WARN_BOOL_CONVERSION = YES;
				CLANG_WARN_COMMA = YES;
				CLANG_WARN_CONSTANT_CONVERSION = YES;
				CLANG_WARN_DEPRECATED_OBJC_IMPLEMENTATIONS = YES;
				CLANG_WARN_DIRECT_OBJC_ISA_USAGE = YES_ERROR;
				CLANG_WARN_DOCUMENTATION_COMMENTS = YES;
				CLANG_WARN_EMPTY_BODY = YES;
				CLANG_WARN_ENUM_CONVERSION = YES;
				CLANG_WARN_INFINITE_RECURSION = YES;
				CLANG_WARN_INT_CONVERSION = YES;
				CLANG_WARN_NON_LITERAL_NULL_CONVERSION = YES;
				CLANG_WARN_OBJC_IMPLICIT_RETAIN_SELF = YES;
				CLANG_WARN_OBJC_LITERAL_CONVERSION = YES;
				CLANG_WARN_OBJC_ROOT_CLASS = YES_ERROR;
				CLANG_WARN_QUOTED_INCLUDE_IN_FRAMEWORK_HEADER = YES;
				CLANG_WARN_RANGE_LOOP_ANALYSIS = YES;
				CLANG_WARN_STRICT_PROTOTYPES = YES;
				CLANG_WARN_SUSPICIOUS_MOVE = YES;
				CLANG_WARN_UNGUARDED_AVAILABILITY = YES_AGGRESSIVE;
				CLANG_WARN_UNREACHABLE_CODE = YES;
				CLANG_WARN__DUPLICATE_METHOD_MATCH = YES;
				COPY_PHASE_STRIP = NO;
				DEBUG_INFORMATION_FORMAT = "dwarf-with-dsym";
				ENABLE_STRICT_OBJC_MSGSEND = YES;
				ENABLE_TESTABILITY = YES;
				GCC_C_LANGUAGE_STANDARD = gnu11;
				GCC_DYNAMIC_NO_PIC = NO;
				GCC_NO_COMMON_BLOCKS = YES;
				GCC_OPTIMIZATION_LEVEL = 0;
				GCC_PREPROCESSOR_DEFINITIONS = (
					"DEBUG=1",
					"$(inherited)",
				);
				GCC_WARN_64_TO_32_BIT_CONVERSION = YES;
				GCC_WARN_ABOUT_RETURN_TYPE = YES_ERROR;
				GCC_WARN_UNDECLARED_SELECTOR = YES;
				GCC_WARN_UNINITIALIZED_AUTOS = YES_AGGRESSIVE;
				GCC_WARN_UNUSED_FUNCTION = YES;
				GCC_WARN_UNUSED_VARIABLE = YES;
				IPHONEOS_DEPLOYMENT_TARGET = 17.2;
				MTL_ENABLE_DEBUG_INFO = INCLUDE_SOURCE;
				MTL_FAST_MATH = YES;
				ONLY_ACTIVE_ARCH = YES;
				SDKROOT = iphoneos;
				SWIFT_ACTIVE_COMPILATION_CONDITIONS = DEBUG;
				SWIFT_OPTIMIZATION_LEVEL = "-Onone";
			};
			name = Debug;
		};
		7555FFA4242A565B00829871 /* Release */ = {
			isa = XCBuildConfiguration;
			buildSettings = {
				ALWAYS_SEARCH_USER_PATHS = NO;
				CLANG_ANALYZER_NONNULL = YES;
				CLANG_ANALYZER_NUMBER_OBJECT_CONVERSION = YES_AGGRESSIVE;
				CLANG_CXX_LANGUAGE_STANDARD = "gnu++14";
				CLANG_CXX_LIBRARY = "libc++";
				CLANG_ENABLE_MODULES = YES;
				CLANG_ENABLE_OBJC_ARC = YES;
				CLANG_ENABLE_OBJC_WEAK = YES;
				CLANG_WARN_BLOCK_CAPTURE_AUTORELEASING = YES;
				CLANG_WARN_BOOL_CONVERSION = YES;
				CLANG_WARN_COMMA = YES;
				CLANG_WARN_CONSTANT_CONVERSION = YES;
				CLANG_WARN_DEPRECATED_OBJC_IMPLEMENTATIONS = YES;
				CLANG_WARN_DIRECT_OBJC_ISA_USAGE = YES_ERROR;
				CLANG_WARN_DOCUMENTATION_COMMENTS = YES;
				CLANG_WARN_EMPTY_BODY = YES;
				CLANG_WARN_ENUM_CONVERSION = YES;
				CLANG_WARN_INFINITE_RECURSION = YES;
				CLANG_WARN_INT_CONVERSION = YES;
				CLANG_WARN_NON_LITERAL_NULL_CONVERSION = YES;
				CLANG_WARN_OBJC_IMPLICIT_RETAIN_SELF = YES;
				CLANG_WARN_OBJC_LITERAL_CONVERSION = YES;
				CLANG_WARN_OBJC_ROOT_CLASS = YES_ERROR;
				CLANG_WARN_QUOTED_INCLUDE_IN_FRAMEWORK_HEADER = YES;
				CLANG_WARN_RANGE_LOOP_ANALYSIS = YES;
				CLANG_WARN_STRICT_PROTOTYPES = YES;
				CLANG_WARN_SUSPICIOUS_MOVE = YES;
				CLANG_WARN_UNGUARDED_AVAILABILITY = YES_AGGRESSIVE;
				CLANG_WARN_UNREACHABLE_CODE = YES;
				CLANG_WARN__DUPLICATE_METHOD_MATCH = YES;
				COPY_PHASE_STRIP = NO;
				DEBUG_INFORMATION_FORMAT = "dwarf-with-dsym";
				ENABLE_NS_ASSERTIONS = NO;
				ENABLE_STRICT_OBJC_MSGSEND = YES;
				GCC_C_LANGUAGE_STANDARD = gnu11;
				GCC_NO_COMMON_BLOCKS = YES;
				GCC_WARN_64_TO_32_BIT_CONVERSION = YES;
				GCC_WARN_ABOUT_RETURN_TYPE = YES_ERROR;
				GCC_WARN_UNDECLARED_SELECTOR = YES;
				GCC_WARN_UNINITIALIZED_AUTOS = YES_AGGRESSIVE;
				GCC_WARN_UNUSED_FUNCTION = YES;
				GCC_WARN_UNUSED_VARIABLE = YES;
				IPHONEOS_DEPLOYMENT_TARGET = 17.2;
				MTL_ENABLE_DEBUG_INFO = NO;
				MTL_FAST_MATH = YES;
				SDKROOT = iphoneos;
				SWIFT_COMPILATION_MODE = wholemodule;
				SWIFT_OPTIMIZATION_LEVEL = "-O";
				VALIDATE_PRODUCT = YES;
			};
			name = Release;
		};
		7555FFA6242A565B00829871 /* Debug */ = {
			isa = XCBuildConfiguration;
			baseConfigurationReference = 074ABBB93BE0FD84496C7AC6 /* Pods-TaskMaster.debug.xcconfig */;
			buildSettings = {
				ASSETCATALOG_COMPILER_APPICON_NAME = AppIcon;
				CODE_SIGN_STYLE = Automatic;
				DEVELOPMENT_ASSET_PATHS = "\"iosApp/Preview Content\"";
				DEVELOPMENT_TEAM = US7R4X98NS;
				ENABLE_PREVIEWS = YES;
				INFOPLIST_FILE = iosApp/Info.plist;
				INFOPLIST_KEY_CFBundleDisplayName = TaskMaster;
				IPHONEOS_DEPLOYMENT_TARGET = 15.6;
				LD_RUNPATH_SEARCH_PATHS = (
					"$(inherited)",
					"@executable_path/Frameworks",
				);
				PRODUCT_BUNDLE_IDENTIFIER = taskmaster.iosApp;
				PRODUCT_NAME = "$(TARGET_NAME)";
				SUPPORTED_PLATFORMS = "iphoneos iphonesimulator";
				SUPPORTS_MACCATALYST = NO;
				SUPPORTS_MAC_DESIGNED_FOR_IPHONE_IPAD = NO;
				SUPPORTS_XR_DESIGNED_FOR_IPHONE_IPAD = NO;
				SWIFT_VERSION = 5.0;
				TARGETED_DEVICE_FAMILY = "1,2";
			};
			name = Debug;
		};
		7555FFA7242A565B00829871 /* Release */ = {
			isa = XCBuildConfiguration;
			baseConfigurationReference = BEC99261B95ABAE38EAD8C7A /* Pods-TaskMaster.release.xcconfig */;
			buildSettings = {
				ASSETCATALOG_COMPILER_APPICON_NAME = AppIcon;
				CODE_SIGN_STYLE = Automatic;
				DEVELOPMENT_ASSET_PATHS = "\"iosApp/Preview Content\"";
				ENABLE_PREVIEWS = YES;
				INFOPLIST_FILE = iosApp/Info.plist;
				INFOPLIST_KEY_CFBundleDisplayName = TaskMaster;
				IPHONEOS_DEPLOYMENT_TARGET = 15.6;
				LD_RUNPATH_SEARCH_PATHS = (
					"$(inherited)",
					"@executable_path/Frameworks",
				);
				PRODUCT_BUNDLE_IDENTIFIER = orgIdentifier.iosApp;
				PRODUCT_NAME = "$(TARGET_NAME)";
				SUPPORTED_PLATFORMS = "iphoneos iphonesimulator";
				SUPPORTS_MACCATALYST = NO;
				SUPPORTS_MAC_DESIGNED_FOR_IPHONE_IPAD = NO;
				SUPPORTS_XR_DESIGNED_FOR_IPHONE_IPAD = NO;
				SWIFT_VERSION = 5.0;
				TARGETED_DEVICE_FAMILY = "1,2";
			};
			name = Release;
		};
/* End XCBuildConfiguration section */

/* Begin XCConfigurationList section */
		7555FF76242A565900829871 /* Build configuration list for PBXProject "iosApp" */ = {
			isa = XCConfigurationList;
			buildConfigurations = (
				7555FFA3242A565B00829871 /* Debug */,
				7555FFA4242A565B00829871 /* Release */,
			);
			defaultConfigurationIsVisible = 0;
			defaultConfigurationName = Release;
		};
		7555FFA5242A565B00829871 /* Build configuration list for PBXNativeTarget "TaskMaster" */ = {
			isa = XCConfigurationList;
			buildConfigurations = (
				7555FFA6242A565B00829871 /* Debug */,
				7555FFA7242A565B00829871 /* Release */,
			);
			defaultConfigurationIsVisible = 0;
			defaultConfigurationName = Release;
		};
/* End XCConfigurationList section */
	};
	rootObject = 7555FF73242A565900829871 /* Project object */;
}
